// !$*UTF8*$!
{
	archiveVersion = 1;
	classes = {
	};
	objectVersion = 56;
	objects = {

/* Begin PBXBuildFile section */
		EB851AFF2DDF0AD5005DF93C /* AppDelegate.m in Sources */ = {isa = PBXBuildFile; fileRef = EB851AFE2DDF0AD5005DF93C /* AppDelegate.m */; };
		EB851B022DDF0AD5005DF93C /* SceneDelegate.m in Sources */ = {isa = PBXBuildFile; fileRef = EB851B012DDF0AD5005DF93C /* SceneDelegate.m */; };
		EB851B052DDF0AD5005DF93C /* ViewController.m in Sources */ = {isa = PBXBuildFile; fileRef = EB851B042DDF0AD5005DF93C /* ViewController.m */; };
		EB851B082DDF0AD5005DF93C /* Base in Resources */ = {isa = PBXBuildFile; fileRef = EB851B072DDF0AD5005DF93C /* Base */; };
		EB851B0A2DDF0AD7005DF93C /* Assets.xcassets in Resources */ = {isa = PBXBuildFile; fileRef = EB851B092DDF0AD7005DF93C /* Assets.xcassets */; };
		EB851B0D2DDF0AD7005DF93C /* Base in Resources */ = {isa = PBXBuildFile; fileRef = EB851B0C2DDF0AD7005DF93C /* Base */; };
		EB851B102DDF0AD7005DF93C /* main.m in Sources */ = {isa = PBXBuildFile; fileRef = EB851B0F2DDF0AD7005DF93C /* main.m */; };
		EB851B762DDF0E0E005DF93C /* minilzo.c in Sources */ = {isa = PBXBuildFile; fileRef = EB851B522DDF0E0E005DF93C /* minilzo.c */; };
		EB851B772DDF0E0E005DF93C /* NSData+Utils.m in Sources */ = {isa = PBXBuildFile; fileRef = EB851B562DDF0E0E005DF93C /* NSData+Utils.m */; };
		EB851B782DDF0E0E005DF93C /* NSString+Mdict.m in Sources */ = {isa = PBXBuildFile; fileRef = EB851B582DDF0E0E005DF93C /* NSString+Mdict.m */; };
		EB851B792DDF0E0E005DF93C /* RIPEMD128.m in Sources */ = {isa = PBXBuildFile; fileRef = EB851B5A2DDF0E0E005DF93C /* RIPEMD128.m */; };
		EB851B7A2DDF0E0E005DF93C /* WJXFileScanner.m in Sources */ = {isa = PBXBuildFile; fileRef = EB851B5C2DDF0E0E005DF93C /* WJXFileScanner.m */; };
		EB851B7B2DDF0E0E005DF93C /* WJXFuzzyWord.m in Sources */ = {isa = PBXBuildFile; fileRef = EB851B5E2DDF0E0E005DF93C /* WJXFuzzyWord.m */; };
		EB851B7C2DDF0E0E005DF93C /* WJXKeyHeader.m in Sources */ = {isa = PBXBuildFile; fileRef = EB851B602DDF0E0E005DF93C /* WJXKeyHeader.m */; };
		EB851B7D2DDF0E0E005DF93C /* WJXKeyInfoItem.m in Sources */ = {isa = PBXBuildFile; fileRef = EB851B622DDF0E0E005DF93C /* WJXKeyInfoItem.m */; };
		EB851B7E2DDF0E0E005DF93C /* WJXKeyWordItem.m in Sources */ = {isa = PBXBuildFile; fileRef = EB851B642DDF0E0E005DF93C /* WJXKeyWordItem.m */; };
		EB851B7F2DDF0E0E005DF93C /* WJXMdd.m in Sources */ = {isa = PBXBuildFile; fileRef = EB851B662DDF0E0E005DF93C /* WJXMdd.m */; };
		EB851B802DDF0E0E005DF93C /* WJXMdict.m in Sources */ = {isa = PBXBuildFile; fileRef = EB851B682DDF0E0E005DF93C /* WJXMdict.m */; };
		EB851B812DDF0E0E005DF93C /* WJXMdictBase.m in Sources */ = {isa = PBXBuildFile; fileRef = EB851B6A2DDF0E0E005DF93C /* WJXMdictBase.m */; };
		EB851B822DDF0E0E005DF93C /* WJXMdictMeta.m in Sources */ = {isa = PBXBuildFile; fileRef = EB851B6C2DDF0E0E005DF93C /* WJXMdictMeta.m */; };
		EB851B832DDF0E0E005DF93C /* WJXMdictOptions.m in Sources */ = {isa = PBXBuildFile; fileRef = EB851B6E2DDF0E0E005DF93C /* WJXMdictOptions.m */; };
		EB851B842DDF0E0E005DF93C /* WJXMdx.m in Sources */ = {isa = PBXBuildFile; fileRef = EB851B702DDF0E0E005DF93C /* WJXMdx.m */; };
		EB851B852DDF0E0E005DF93C /* WJXRecordHeader.m in Sources */ = {isa = PBXBuildFile; fileRef = EB851B722DDF0E0E005DF93C /* WJXRecordHeader.m */; };
		EB851B862DDF0E0E005DF93C /* WJXRecordInfo.m in Sources */ = {isa = PBXBuildFile; fileRef = EB851B742DDF0E0E005DF93C /* WJXRecordInfo.m */; };
		EB851B8A2DDF0EDC005DF93C /* dict.css in Resources */ = {isa = PBXBuildFile; fileRef = EB851B882DDF0EDA005DF93C /* dict.css */; };
		EB851B8B2DDF0EDC005DF93C /* dict.mdx in Resources */ = {isa = PBXBuildFile; fileRef = EB851B892DDF0EDC005DF93C /* dict.mdx */; };
		EB851B922DDF16D7005DF93C /* Webster.mdx in Resources */ = {isa = PBXBuildFile; fileRef = EB851B902DDF16D7005DF93C /* Webster.mdx */; };
		EB851B932DDF16D7005DF93C /* Webster.mdd in Resources */ = {isa = PBXBuildFile; fileRef = EB851B912DDF16D7005DF93C /* Webster.mdd */; };
/* End PBXBuildFile section */

/* Begin PBXFileReference section */
		EB851AFA2DDF0AD5005DF93C /* WJXMdictParse.app */ = {isa = PBXFileReference; explicitFileType = wrapper.application; includeInIndex = 0; path = WJXMdictParse.app; sourceTree = BUILT_PRODUCTS_DIR; };
		EB851AFD2DDF0AD5005DF93C /* AppDelegate.h */ = {isa = PBXFileReference; lastKnownFileType = sourcecode.c.h; path = AppDelegate.h; sourceTree = "<group>"; };
		EB851AFE2DDF0AD5005DF93C /* AppDelegate.m */ = {isa = PBXFileReference; lastKnownFileType = sourcecode.c.objc; path = AppDelegate.m; sourceTree = "<group>"; };
		EB851B002DDF0AD5005DF93C /* SceneDelegate.h */ = {isa = PBXFileReference; lastKnownFileType = sourcecode.c.h; path = SceneDelegate.h; sourceTree = "<group>"; };
		EB851B012DDF0AD5005DF93C /* SceneDelegate.m */ = {isa = PBXFileReference; lastKnownFileType = sourcecode.c.objc; path = SceneDelegate.m; sourceTree = "<group>"; };
		EB851B032DDF0AD5005DF93C /* ViewController.h */ = {isa = PBXFileReference; lastKnownFileType = sourcecode.c.h; path = ViewController.h; sourceTree = "<group>"; };
		EB851B042DDF0AD5005DF93C /* ViewController.m */ = {isa = PBXFileReference; lastKnownFileType = sourcecode.c.objc; path = ViewController.m; sourceTree = "<group>"; };
		EB851B072DDF0AD5005DF93C /* Base */ = {isa = PBXFileReference; lastKnownFileType = file.storyboard; name = Base; path = Base.lproj/Main.storyboard; sourceTree = "<group>"; };
		EB851B092DDF0AD7005DF93C /* Assets.xcassets */ = {isa = PBXFileReference; lastKnownFileType = folder.assetcatalog; path = Assets.xcassets; sourceTree = "<group>"; };
		EB851B0C2DDF0AD7005DF93C /* Base */ = {isa = PBXFileReference; lastKnownFileType = file.storyboard; name = Base; path = Base.lproj/LaunchScreen.storyboard; sourceTree = "<group>"; };
		EB851B0E2DDF0AD7005DF93C /* Info.plist */ = {isa = PBXFileReference; lastKnownFileType = text.plist.xml; path = Info.plist; sourceTree = "<group>"; };
		EB851B0F2DDF0AD7005DF93C /* main.m */ = {isa = PBXFileReference; lastKnownFileType = sourcecode.c.objc; path = main.m; sourceTree = "<group>"; };
		EB851B502DDF0E0E005DF93C /* lzoconf.h */ = {isa = PBXFileReference; fileEncoding = 4; lastKnownFileType = sourcecode.c.h; path = lzoconf.h; sourceTree = "<group>"; };
		EB851B512DDF0E0E005DF93C /* lzodefs.h */ = {isa = PBXFileReference; fileEncoding = 4; lastKnownFileType = sourcecode.c.h; path = lzodefs.h; sourceTree = "<group>"; };
		EB851B522DDF0E0E005DF93C /* minilzo.c */ = {isa = PBXFileReference; fileEncoding = 4; lastKnownFileType = sourcecode.c.c; path = minilzo.c; sourceTree = "<group>"; };
		EB851B532DDF0E0E005DF93C /* minilzo.h */ = {isa = PBXFileReference; fileEncoding = 4; lastKnownFileType = sourcecode.c.h; path = minilzo.h; sourceTree = "<group>"; };
		EB851B552DDF0E0E005DF93C /* NSData+Utils.h */ = {isa = PBXFileReference; fileEncoding = 4; lastKnownFileType = sourcecode.c.h; path = "NSData+Utils.h"; sourceTree = "<group>"; };
		EB851B562DDF0E0E005DF93C /* NSData+Utils.m */ = {isa = PBXFileReference; fileEncoding = 4; lastKnownFileType = sourcecode.c.objc; path = "NSData+Utils.m"; sourceTree = "<group>"; };
		EB851B572DDF0E0E005DF93C /* NSString+Mdict.h */ = {isa = PBXFileReference; fileEncoding = 4; lastKnownFileType = sourcecode.c.h; path = "NSString+Mdict.h"; sourceTree = "<group>"; };
		EB851B582DDF0E0E005DF93C /* NSString+Mdict.m */ = {isa = PBXFileReference; fileEncoding = 4; lastKnownFileType = sourcecode.c.objc; path = "NSString+Mdict.m"; sourceTree = "<group>"; };
		EB851B592DDF0E0E005DF93C /* RIPEMD128.h */ = {isa = PBXFileReference; fileEncoding = 4; lastKnownFileType = sourcecode.c.h; path = RIPEMD128.h; sourceTree = "<group>"; };
		EB851B5A2DDF0E0E005DF93C /* RIPEMD128.m */ = {isa = PBXFileReference; fileEncoding = 4; lastKnownFileType = sourcecode.c.objc; path = RIPEMD128.m; sourceTree = "<group>"; };
		EB851B5B2DDF0E0E005DF93C /* WJXFileScanner.h */ = {isa = PBXFileReference; fileEncoding = 4; lastKnownFileType = sourcecode.c.h; path = WJXFileScanner.h; sourceTree = "<group>"; };
		EB851B5C2DDF0E0E005DF93C /* WJXFileScanner.m */ = {isa = PBXFileReference; fileEncoding = 4; lastKnownFileType = sourcecode.c.objc; path = WJXFileScanner.m; sourceTree = "<group>"; };
		EB851B5D2DDF0E0E005DF93C /* WJXFuzzyWord.h */ = {isa = PBXFileReference; fileEncoding = 4; lastKnownFileType = sourcecode.c.h; path = WJXFuzzyWord.h; sourceTree = "<group>"; };
		EB851B5E2DDF0E0E005DF93C /* WJXFuzzyWord.m */ = {isa = PBXFileReference; fileEncoding = 4; lastKnownFileType = sourcecode.c.objc; path = WJXFuzzyWord.m; sourceTree = "<group>"; };
		EB851B5F2DDF0E0E005DF93C /* WJXKeyHeader.h */ = {isa = PBXFileReference; fileEncoding = 4; lastKnownFileType = sourcecode.c.h; path = WJXKeyHeader.h; sourceTree = "<group>"; };
		EB851B602DDF0E0E005DF93C /* WJXKeyHeader.m */ = {isa = PBXFileReference; fileEncoding = 4; lastKnownFileType = sourcecode.c.objc; path = WJXKeyHeader.m; sourceTree = "<group>"; };
		EB851B612DDF0E0E005DF93C /* WJXKeyInfoItem.h */ = {isa = PBXFileReference; fileEncoding = 4; lastKnownFileType = sourcecode.c.h; path = WJXKeyInfoItem.h; sourceTree = "<group>"; };
		EB851B622DDF0E0E005DF93C /* WJXKeyInfoItem.m */ = {isa = PBXFileReference; fileEncoding = 4; lastKnownFileType = sourcecode.c.objc; path = WJXKeyInfoItem.m; sourceTree = "<group>"; };
		EB851B632DDF0E0E005DF93C /* WJXKeyWordItem.h */ = {isa = PBXFileReference; fileEncoding = 4; lastKnownFileType = sourcecode.c.h; path = WJXKeyWordItem.h; sourceTree = "<group>"; };
		EB851B642DDF0E0E005DF93C /* WJXKeyWordItem.m */ = {isa = PBXFileReference; fileEncoding = 4; lastKnownFileType = sourcecode.c.objc; path = WJXKeyWordItem.m; sourceTree = "<group>"; };
		EB851B652DDF0E0E005DF93C /* WJXMdd.h */ = {isa = PBXFileReference; fileEncoding = 4; lastKnownFileType = sourcecode.c.h; path = WJXMdd.h; sourceTree = "<group>"; };
		EB851B662DDF0E0E005DF93C /* WJXMdd.m */ = {isa = PBXFileReference; fileEncoding = 4; lastKnownFileType = sourcecode.c.objc; path = WJXMdd.m; sourceTree = "<group>"; };
		EB851B672DDF0E0E005DF93C /* WJXMdict.h */ = {isa = PBXFileReference; fileEncoding = 4; lastKnownFileType = sourcecode.c.h; path = WJXMdict.h; sourceTree = "<group>"; };
		EB851B682DDF0E0E005DF93C /* WJXMdict.m */ = {isa = PBXFileReference; fileEncoding = 4; lastKnownFileType = sourcecode.c.objc; path = WJXMdict.m; sourceTree = "<group>"; };
		EB851B692DDF0E0E005DF93C /* WJXMdictBase.h */ = {isa = PBXFileReference; fileEncoding = 4; lastKnownFileType = sourcecode.c.h; path = WJXMdictBase.h; sourceTree = "<group>"; };
		EB851B6A2DDF0E0E005DF93C /* WJXMdictBase.m */ = {isa = PBXFileReference; fileEncoding = 4; lastKnownFileType = sourcecode.c.objc; path = WJXMdictBase.m; sourceTree = "<group>"; };
		EB851B6B2DDF0E0E005DF93C /* WJXMdictMeta.h */ = {isa = PBXFileReference; fileEncoding = 4; lastKnownFileType = sourcecode.c.h; path = WJXMdictMeta.h; sourceTree = "<group>"; };
		EB851B6C2DDF0E0E005DF93C /* WJXMdictMeta.m */ = {isa = PBXFileReference; fileEncoding = 4; lastKnownFileType = sourcecode.c.objc; path = WJXMdictMeta.m; sourceTree = "<group>"; };
		EB851B6D2DDF0E0E005DF93C /* WJXMdictOptions.h */ = {isa = PBXFileReference; fileEncoding = 4; lastKnownFileType = sourcecode.c.h; path = WJXMdictOptions.h; sourceTree = "<group>"; };
		EB851B6E2DDF0E0E005DF93C /* WJXMdictOptions.m */ = {isa = PBXFileReference; fileEncoding = 4; lastKnownFileType = sourcecode.c.objc; path = WJXMdictOptions.m; sourceTree = "<group>"; };
		EB851B6F2DDF0E0E005DF93C /* WJXMdx.h */ = {isa = PBXFileReference; fileEncoding = 4; lastKnownFileType = sourcecode.c.h; path = WJXMdx.h; sourceTree = "<group>"; };
		EB851B702DDF0E0E005DF93C /* WJXMdx.m */ = {isa = PBXFileReference; fileEncoding = 4; lastKnownFileType = sourcecode.c.objc; path = WJXMdx.m; sourceTree = "<group>"; };
		EB851B712DDF0E0E005DF93C /* WJXRecordHeader.h */ = {isa = PBXFileReference; fileEncoding = 4; lastKnownFileType = sourcecode.c.h; path = WJXRecordHeader.h; sourceTree = "<group>"; };
		EB851B722DDF0E0E005DF93C /* WJXRecordHeader.m */ = {isa = PBXFileReference; fileEncoding = 4; lastKnownFileType = sourcecode.c.objc; path = WJXRecordHeader.m; sourceTree = "<group>"; };
		EB851B732DDF0E0E005DF93C /* WJXRecordInfo.h */ = {isa = PBXFileReference; fileEncoding = 4; lastKnownFileType = sourcecode.c.h; path = WJXRecordInfo.h; sourceTree = "<group>"; };
		EB851B742DDF0E0E005DF93C /* WJXRecordInfo.m */ = {isa = PBXFileReference; fileEncoding = 4; lastKnownFileType = sourcecode.c.objc; path = WJXRecordInfo.m; sourceTree = "<group>"; };
		EB851B872DDF0E50005DF93C /* WJXMdicParse.h */ = {isa = PBXFileReference; lastKnownFileType = sourcecode.c.h; path = WJXMdicParse.h; sourceTree = "<group>"; };
		EB851B882DDF0EDA005DF93C /* dict.css */ = {isa = PBXFileReference; fileEncoding = 4; lastKnownFileType = text.css; path = dict.css; sourceTree = "<group>"; };
		EB851B892DDF0EDC005DF93C /* dict.mdx */ = {isa = PBXFileReference; lastKnownFileType = file; path = dict.mdx; sourceTree = "<group>"; };
		EB851B902DDF16D7005DF93C /* Webster.mdx */ = {isa = PBXFileReference; lastKnownFileType = file; path = Webster.mdx; sourceTree = "<group>"; };
		EB851B912DDF16D7005DF93C /* Webster.mdd */ = {isa = PBXFileReference; lastKnownFileType = file; path = Webster.mdd; sourceTree = "<group>"; };
/* End PBXFileReference section */

/* Begin PBXFrameworksBuildPhase section */
		EB851AF72DDF0AD5005DF93C /* Frameworks */ = {
			isa = PBXFrameworksBuildPhase;
			buildActionMask = 2147483647;
			files = (
			);
			runOnlyForDeploymentPostprocessing = 0;
		};
/* End PBXFrameworksBuildPhase section */

/* Begin PBXGroup section */
		EB851AF12DDF0AD5005DF93C = {
			isa = PBXGroup;
			children = (
				EB851AFC2DDF0AD5005DF93C /* WJXMdictParse */,
				EB851AFB2DDF0AD5005DF93C /* Products */,
			);
			sourceTree = "<group>";
		};
		EB851AFB2DDF0AD5005DF93C /* Products */ = {
			isa = PBXGroup;
			children = (
				EB851AFA2DDF0AD5005DF93C /* WJXMdictParse.app */,
			);
			name = Products;
			sourceTree = "<group>";
		};
		EB851AFC2DDF0AD5005DF93C /* WJXMdictParse */ = {
			isa = PBXGroup;
			children = (
				EB851B912DDF16D7005DF93C /* Webster.mdd */,
				EB851B902DDF16D7005DF93C /* Webster.mdx */,
				EB851B752DDF0E0E005DF93C /* MdictParse */,
				EB851B882DDF0EDA005DF93C /* dict.css */,
				EB851B892DDF0EDC005DF93C /* dict.mdx */,
				EB851AFD2DDF0AD5005DF93C /* AppDelegate.h */,
				EB851AFE2DDF0AD5005DF93C /* AppDelegate.m */,
				EB851B002DDF0AD5005DF93C /* SceneDelegate.h */,
				EB851B012DDF0AD5005DF93C /* SceneDelegate.m */,
				EB851B032DDF0AD5005DF93C /* ViewController.h */,
				EB851B042DDF0AD5005DF93C /* ViewController.m */,
				EB851B062DDF0AD5005DF93C /* Main.storyboard */,
				EB851B092DDF0AD7005DF93C /* Assets.xcassets */,
				EB851B0B2DDF0AD7005DF93C /* LaunchScreen.storyboard */,
				EB851B0E2DDF0AD7005DF93C /* Info.plist */,
				EB851B0F2DDF0AD7005DF93C /* main.m */,
			);
			path = WJXMdictParse;
			sourceTree = "<group>";
		};
		EB851B542DDF0E0E005DF93C /* lzo */ = {
			isa = PBXGroup;
			children = (
				EB851B502DDF0E0E005DF93C /* lzoconf.h */,
				EB851B512DDF0E0E005DF93C /* lzodefs.h */,
				EB851B522DDF0E0E005DF93C /* minilzo.c */,
				EB851B532DDF0E0E005DF93C /* minilzo.h */,
			);
			path = lzo;
			sourceTree = "<group>";
		};
		EB851B752DDF0E0E005DF93C /* MdictParse */ = {
			isa = PBXGroup;
			children = (
				EB851B542DDF0E0E005DF93C /* lzo */,
				EB851B552DDF0E0E005DF93C /* NSData+Utils.h */,
				EB851B562DDF0E0E005DF93C /* NSData+Utils.m */,
				EB851B572DDF0E0E005DF93C /* NSString+Mdict.h */,
				EB851B582DDF0E0E005DF93C /* NSString+Mdict.m */,
				EB851B592DDF0E0E005DF93C /* RIPEMD128.h */,
				EB851B5A2DDF0E0E005DF93C /* RIPEMD128.m */,
				EB851B5B2DDF0E0E005DF93C /* WJXFileScanner.h */,
				EB851B5C2DDF0E0E005DF93C /* WJXFileScanner.m */,
				EB851B5D2DDF0E0E005DF93C /* WJXFuzzyWord.h */,
				EB851B5E2DDF0E0E005DF93C /* WJXFuzzyWord.m */,
				EB851B5F2DDF0E0E005DF93C /* WJXKeyHeader.h */,
				EB851B602DDF0E0E005DF93C /* WJXKeyHeader.m */,
				EB851B612DDF0E0E005DF93C /* WJXKeyInfoItem.h */,
				EB851B622DDF0E0E005DF93C /* WJXKeyInfoItem.m */,
				EB851B632DDF0E0E005DF93C /* WJXKeyWordItem.h */,
				EB851B642DDF0E0E005DF93C /* WJXKeyWordItem.m */,
				EB851B652DDF0E0E005DF93C /* WJXMdd.h */,
				EB851B662DDF0E0E005DF93C /* WJXMdd.m */,
				EB851B672DDF0E0E005DF93C /* WJXMdict.h */,
				EB851B682DDF0E0E005DF93C /* WJXMdict.m */,
				EB851B692DDF0E0E005DF93C /* WJXMdictBase.h */,
				EB851B6A2DDF0E0E005DF93C /* WJXMdictBase.m */,
				EB851B6B2DDF0E0E005DF93C /* WJXMdictMeta.h */,
				EB851B6C2DDF0E0E005DF93C /* WJXMdictMeta.m */,
				EB851B6D2DDF0E0E005DF93C /* WJXMdictOptions.h */,
				EB851B6E2DDF0E0E005DF93C /* WJXMdictOptions.m */,
				EB851B6F2DDF0E0E005DF93C /* WJXMdx.h */,
				EB851B702DDF0E0E005DF93C /* WJXMdx.m */,
				EB851B712DDF0E0E005DF93C /* WJXRecordHeader.h */,
				EB851B722DDF0E0E005DF93C /* WJXRecordHeader.m */,
				EB851B732DDF0E0E005DF93C /* WJXRecordInfo.h */,
				EB851B742DDF0E0E005DF93C /* WJXRecordInfo.m */,
				EB851B872DDF0E50005DF93C /* WJXMdicParse.h */,
			);
			path = MdictParse;
			sourceTree = "<group>";
		};
/* End PBXGroup section */

/* Begin PBXNativeTarget section */
		EB851AF92DDF0AD5005DF93C /* WJXMdictParse */ = {
			isa = PBXNativeTarget;
			buildConfigurationList = EB851B132DDF0AD7005DF93C /* Build configuration list for PBXNativeTarget "WJXMdictParse" */;
			buildPhases = (
				EB851AF62DDF0AD5005DF93C /* Sources */,
				EB851AF72DDF0AD5005DF93C /* Frameworks */,
				EB851AF82DDF0AD5005DF93C /* Resources */,
			);
			buildRules = (
			);
			dependencies = (
			);
			name = WJXMdictParse;
			productName = WJXMdictParse;
			productReference = EB851AFA2DDF0AD5005DF93C /* WJXMdictParse.app */;
			productType = "com.apple.product-type.application";
		};
/* End PBXNativeTarget section */

/* Begin PBXProject section */
		EB851AF22DDF0AD5005DF93C /* Project object */ = {
			isa = PBXProject;
			attributes = {
				BuildIndependentTargetsInParallel = 1;
				LastUpgradeCheck = 1540;
				TargetAttributes = {
					EB851AF92DDF0AD5005DF93C = {
						CreatedOnToolsVersion = 15.4;
					};
				};
			};
			buildConfigurationList = EB851AF52DDF0AD5005DF93C /* Build configuration list for PBXProject "WJXMdictParse" */;
			compatibilityVersion = "Xcode 14.0";
			developmentRegion = en;
			hasScannedForEncodings = 0;
			knownRegions = (
				en,
				Base,
			);
			mainGroup = EB851AF12DDF0AD5005DF93C;
			productRefGroup = EB851AFB2DDF0AD5005DF93C /* Products */;
			projectDirPath = "";
			projectRoot = "";
			targets = (
				EB851AF92DDF0AD5005DF93C /* WJXMdictParse */,
			);
		};
/* End PBXProject section */

/* Begin PBXResourcesBuildPhase section */
		EB851AF82DDF0AD5005DF93C /* Resources */ = {
			isa = PBXResourcesBuildPhase;
			buildActionMask = 2147483647;
			files = (
				EB851B0A2DDF0AD7005DF93C /* Assets.xcassets in Resources */,
				EB851B8B2DDF0EDC005DF93C /* dict.mdx in Resources */,
				EB851B0D2DDF0AD7005DF93C /* Base in Resources */,
				EB851B082DDF0AD5005DF93C /* Base in Resources */,
				EB851B932DDF16D7005DF93C /* Webster.mdd in Resources */,
				EB851B922DDF16D7005DF93C /* Webster.mdx in Resources */,
				EB851B8A2DDF0EDC005DF93C /* dict.css in Resources */,
			);
			runOnlyForDeploymentPostprocessing = 0;
		};
/* End PBXResourcesBuildPhase section */

/* Begin PBXSourcesBuildPhase section */
		EB851AF62DDF0AD5005DF93C /* Sources */ = {
			isa = PBXSourcesBuildPhase;
			buildActionMask = 2147483647;
			files = (
				EB851B772DDF0E0E005DF93C /* NSData+Utils.m in Sources */,
				EB851B852DDF0E0E005DF93C /* WJXRecordHeader.m in Sources */,
				EB851B052DDF0AD5005DF93C /* ViewController.m in Sources */,
				EB851B7C2DDF0E0E005DF93C /* WJXKeyHeader.m in Sources */,
				EB851B792DDF0E0E005DF93C /* RIPEMD128.m in Sources */,
				EB851AFF2DDF0AD5005DF93C /* AppDelegate.m in Sources */,
				EB851B7B2DDF0E0E005DF93C /* WJXFuzzyWord.m in Sources */,
				EB851B822DDF0E0E005DF93C /* WJXMdictMeta.m in Sources */,
				EB851B782DDF0E0E005DF93C /* NSString+Mdict.m in Sources */,
				EB851B102DDF0AD7005DF93C /* main.m in Sources */,
				EB851B7E2DDF0E0E005DF93C /* WJXKeyWordItem.m in Sources */,
				EB851B7D2DDF0E0E005DF93C /* WJXKeyInfoItem.m in Sources */,
				EB851B762DDF0E0E005DF93C /* minilzo.c in Sources */,
				EB851B7A2DDF0E0E005DF93C /* WJXFileScanner.m in Sources */,
				EB851B022DDF0AD5005DF93C /* SceneDelegate.m in Sources */,
				EB851B7F2DDF0E0E005DF93C /* WJXMdd.m in Sources */,
				EB851B812DDF0E0E005DF93C /* WJXMdictBase.m in Sources */,
				EB851B832DDF0E0E005DF93C /* WJXMdictOptions.m in Sources */,
				EB851B802DDF0E0E005DF93C /* WJXMdict.m in Sources */,
				EB851B862DDF0E0E005DF93C /* WJXRecordInfo.m in Sources */,
				EB851B842DDF0E0E005DF93C /* WJXMdx.m in Sources */,
			);
			runOnlyForDeploymentPostprocessing = 0;
		};
/* End PBXSourcesBuildPhase section */

/* Begin PBXVariantGroup section */
		EB851B062DDF0AD5005DF93C /* Main.storyboard */ = {
			isa = PBXVariantGroup;
			children = (
				EB851B072DDF0AD5005DF93C /* Base */,
			);
			name = Main.storyboard;
			sourceTree = "<group>";
		};
		EB851B0B2DDF0AD7005DF93C /* LaunchScreen.storyboard */ = {
			isa = PBXVariantGroup;
			children = (
				EB851B0C2DDF0AD7005DF93C /* Base */,
			);
			name = LaunchScreen.storyboard;
			sourceTree = "<group>";
		};
/* End PBXVariantGroup section */

/* Begin XCBuildConfiguration section */
		EB851B112DDF0AD7005DF93C /* Debug */ = {
			isa = XCBuildConfiguration;
			buildSettings = {
				ALWAYS_SEARCH_USER_PATHS = NO;
				ASSETCATALOG_COMPILER_GENERATE_SWIFT_ASSET_SYMBOL_EXTENSIONS = YES;
				CLANG_ANALYZER_NONNULL = YES;
				CLANG_ANALYZER_NUMBER_OBJECT_CONVERSION = YES_AGGRESSIVE;
				CLANG_CXX_LANGUAGE_STANDARD = "gnu++20";
				CLANG_ENABLE_MODULES = YES;
				CLANG_ENABLE_OBJC_ARC = YES;
				CLANG_ENABLE_OBJC_WEAK = YES;
				CLANG_WARN_BLOCK_CAPTURE_AUTORELEASING = YES;
				CLANG_WARN_BOOL_CONVERSION = YES;
				CLANG_WARN_COMMA = YES;
				CLANG_WARN_CONSTANT_CONVERSION = YES;
				CLANG_WARN_DEPRECATED_OBJC_IMPLEMENTATIONS = YES;
				CLANG_WARN_DIRECT_OBJC_ISA_USAGE = YES_ERROR;
				CLANG_WARN_DOCUMENTATION_COMMENTS = YES;
				CLANG_WARN_EMPTY_BODY = YES;
				CLANG_WARN_ENUM_CONVERSION = YES;
				CLANG_WARN_INFINITE_RECURSION = YES;
				CLANG_WARN_INT_CONVERSION = YES;
				CLANG_WARN_NON_LITERAL_NULL_CONVERSION = YES;
				CLANG_WARN_OBJC_IMPLICIT_RETAIN_SELF = YES;
				CLANG_WARN_OBJC_LITERAL_CONVERSION = YES;
				CLANG_WARN_OBJC_ROOT_CLASS = YES_ERROR;
				CLANG_WARN_QUOTED_INCLUDE_IN_FRAMEWORK_HEADER = YES;
				CLANG_WARN_RANGE_LOOP_ANALYSIS = YES;
				CLANG_WARN_STRICT_PROTOTYPES = YES;
				CLANG_WARN_SUSPICIOUS_MOVE = YES;
				CLANG_WARN_UNGUARDED_AVAILABILITY = YES_AGGRESSIVE;
				CLANG_WARN_UNREACHABLE_CODE = YES;
				CLANG_WARN__DUPLICATE_METHOD_MATCH = YES;
				COPY_PHASE_STRIP = NO;
				DEBUG_INFORMATION_FORMAT = dwarf;
				ENABLE_STRICT_OBJC_MSGSEND = YES;
				ENABLE_TESTABILITY = YES;
				ENABLE_USER_SCRIPT_SANDBOXING = YES;
				GCC_C_LANGUAGE_STANDARD = gnu17;
				GCC_DYNAMIC_NO_PIC = NO;
				GCC_NO_COMMON_BLOCKS = YES;
				GCC_OPTIMIZATION_LEVEL = 0;
				GCC_PREPROCESSOR_DEFINITIONS = (
					"DEBUG=1",
					"$(inherited)",
				);
				GCC_WARN_64_TO_32_BIT_CONVERSION = YES;
				GCC_WARN_ABOUT_RETURN_TYPE = YES_ERROR;
				GCC_WARN_UNDECLARED_SELECTOR = YES;
				GCC_WARN_UNINITIALIZED_AUTOS = YES_AGGRESSIVE;
				GCC_WARN_UNUSED_FUNCTION = YES;
				GCC_WARN_UNUSED_VARIABLE = YES;
				IPHONEOS_DEPLOYMENT_TARGET = 17.5;
				LOCALIZATION_PREFERS_STRING_CATALOGS = YES;
				MTL_ENABLE_DEBUG_INFO = INCLUDE_SOURCE;
				MTL_FAST_MATH = YES;
				ONLY_ACTIVE_ARCH = YES;
				SDKROOT = iphoneos;
			};
			name = Debug;
		};
		EB851B122DDF0AD7005DF93C /* Release */ = {
			isa = XCBuildConfiguration;
			buildSettings = {
				ALWAYS_SEARCH_USER_PATHS = NO;
				ASSETCATALOG_COMPILER_GENERATE_SWIFT_ASSET_SYMBOL_EXTENSIONS = YES;
				CLANG_ANALYZER_NONNULL = YES;
				CLANG_ANALYZER_NUMBER_OBJECT_CONVERSION = YES_AGGRESSIVE;
				CLANG_CXX_LANGUAGE_STANDARD = "gnu++20";
				CLANG_ENABLE_MODULES = YES;
				CLANG_ENABLE_OBJC_ARC = YES;
				CLANG_ENABLE_OBJC_WEAK = YES;
				CLANG_WARN_BLOCK_CAPTURE_AUTORELEASING = YES;
				CLANG_WARN_BOOL_CONVERSION = YES;
				CLANG_WARN_COMMA = YES;
				CLANG_WARN_CONSTANT_CONVERSION = YES;
				CLANG_WARN_DEPRECATED_OBJC_IMPLEMENTATIONS = YES;
				CLANG_WARN_DIRECT_OBJC_ISA_USAGE = YES_ERROR;
				CLANG_WARN_DOCUMENTATION_COMMENTS = YES;
				CLANG_WARN_EMPTY_BODY = YES;
				CLANG_WARN_ENUM_CONVERSION = YES;
				CLANG_WARN_INFINITE_RECURSION = YES;
				CLANG_WARN_INT_CONVERSION = YES;
				CLANG_WARN_NON_LITERAL_NULL_CONVERSION = YES;
				CLANG_WARN_OBJC_IMPLICIT_RETAIN_SELF = YES;
				CLANG_WARN_OBJC_LITERAL_CONVERSION = YES;
				CLANG_WARN_OBJC_ROOT_CLASS = YES_ERROR;
				CLANG_WARN_QUOTED_INCLUDE_IN_FRAMEWORK_HEADER = YES;
				CLANG_WARN_RANGE_LOOP_ANALYSIS = YES;
				CLANG_WARN_STRICT_PROTOTYPES = YES;
				CLANG_WARN_SUSPICIOUS_MOVE = YES;
				CLANG_WARN_UNGUARDED_AVAILABILITY = YES_AGGRESSIVE;
				CLANG_WARN_UNREACHABLE_CODE = YES;
				CLANG_WARN__DUPLICATE_METHOD_MATCH = YES;
				COPY_PHASE_STRIP = NO;
				DEBUG_INFORMATION_FORMAT = "dwarf-with-dsym";
				ENABLE_NS_ASSERTIONS = NO;
				ENABLE_STRICT_OBJC_MSGSEND = YES;
				ENABLE_USER_SCRIPT_SANDBOXING = YES;
				GCC_C_LANGUAGE_STANDARD = gnu17;
				GCC_NO_COMMON_BLOCKS = YES;
				GCC_WARN_64_TO_32_BIT_CONVERSION = YES;
				GCC_WARN_ABOUT_RETURN_TYPE = YES_ERROR;
				GCC_WARN_UNDECLARED_SELECTOR = YES;
				GCC_WARN_UNINITIALIZED_AUTOS = YES_AGGRESSIVE;
				GCC_WARN_UNUSED_FUNCTION = YES;
				GCC_WARN_UNUSED_VARIABLE = YES;
				IPHONEOS_DEPLOYMENT_TARGET = 17.5;
				LOCALIZATION_PREFERS_STRING_CATALOGS = YES;
				MTL_ENABLE_DEBUG_INFO = NO;
				MTL_FAST_MATH = YES;
				SDKROOT = iphoneos;
				VALIDATE_PRODUCT = YES;
			};
			name = Release;
		};
		EB851B142DDF0AD7005DF93C /* Debug */ = {
			isa = XCBuildConfiguration;
			buildSettings = {
				ASSETCATALOG_COMPILER_APPICON_NAME = AppIcon;
				ASSETCATALOG_COMPILER_GLOBAL_ACCENT_COLOR_NAME = AccentColor;
				CODE_SIGN_STYLE = Automatic;
				CURRENT_PROJECT_VERSION = 1;
				DEVELOPMENT_TEAM = AS2V586882;
				GENERATE_INFOPLIST_FILE = YES;
				INFOPLIST_FILE = WJXMdictParse/Info.plist;
				INFOPLIST_KEY_UIApplicationSupportsIndirectInputEvents = YES;
				INFOPLIST_KEY_UILaunchStoryboardName = LaunchScreen;
				INFOPLIST_KEY_UIMainStoryboardFile = Main;
				INFOPLIST_KEY_UISupportedInterfaceOrientations_iPad = "UIInterfaceOrientationPortrait UIInterfaceOrientationPortraitUpsideDown UIInterfaceOrientationLandscapeLeft UIInterfaceOrientationLandscapeRight";
				INFOPLIST_KEY_UISupportedInterfaceOrientations_iPhone = "UIInterfaceOrientationPortrait UIInterfaceOrientationLandscapeLeft UIInterfaceOrientationLandscapeRight";
				LD_RUNPATH_SEARCH_PATHS = (
					"$(inherited)",
					"@executable_path/Frameworks",
				);
				MARKETING_VERSION = 1.0;
				PRODUCT_BUNDLE_IDENTIFIER = jx.com.WJXMdictParse;
				PRODUCT_NAME = "$(TARGET_NAME)";
				SWIFT_EMIT_LOC_STRINGS = YES;
				TARGETED_DEVICE_FAMILY = "1,2";
			};
			name = Debug;
		};
		EB851B152DDF0AD7005DF93C /* Release */ = {
			isa = XCBuildConfiguration;
			buildSettings = {
				ASSETCATALOG_COMPILER_APPICON_NAME = AppIcon;
				ASSETCATALOG_COMPILER_GLOBAL_ACCENT_COLOR_NAME = AccentColor;
				CODE_SIGN_STYLE = Automatic;
				CURRENT_PROJECT_VERSION = 1;
				DEVELOPMENT_TEAM = AS2V586882;
				GENERATE_INFOPLIST_FILE = YES;
				INFOPLIST_FILE = WJXMdictParse/Info.plist;
				INFOPLIST_KEY_UIApplicationSupportsIndirectInputEvents = YES;
				INFOPLIST_KEY_UILaunchStoryboardName = LaunchScreen;
				INFOPLIST_KEY_UIMainStoryboardFile = Main;
				INFOPLIST_KEY_UISupportedInterfaceOrientations_iPad = "UIInterfaceOrientationPortrait UIInterfaceOrientationPortraitUpsideDown UIInterfaceOrientationLandscapeLeft UIInterfaceOrientationLandscapeRight";
				INFOPLIST_KEY_UISupportedInterfaceOrientations_iPhone = "UIInterfaceOrientationPortrait UIInterfaceOrientationLandscapeLeft UIInterfaceOrientationLandscapeRight";
				LD_RUNPATH_SEARCH_PATHS = (
					"$(inherited)",
					"@executable_path/Frameworks",
				);
				MARKETING_VERSION = 1.0;
				PRODUCT_BUNDLE_IDENTIFIER = jx.com.WJXMdictParse;
				PRODUCT_NAME = "$(TARGET_NAME)";
				SWIFT_EMIT_LOC_STRINGS = YES;
				TARGETED_DEVICE_FAMILY = "1,2";
			};
			name = Release;
		};
/* End XCBuildConfiguration section */

/* Begin XCConfigurationList section */
		EB851AF52DDF0AD5005DF93C /* Build configuration list for PBXProject "WJXMdictParse" */ = {
			isa = XCConfigurationList;
			buildConfigurations = (
				EB851B112DDF0AD7005DF93C /* Debug */,
				EB851B122DDF0AD7005DF93C /* Release */,
			);
			defaultConfigurationIsVisible = 0;
			defaultConfigurationName = Release;
		};
		EB851B132DDF0AD7005DF93C /* Build configuration list for PBXNativeTarget "WJXMdictParse" */ = {
			isa = XCConfigurationList;
			buildConfigurations = (
				EB851B142DDF0AD7005DF93C /* Debug */,
				EB851B152DDF0AD7005DF93C /* Release */,
			);
			defaultConfigurationIsVisible = 0;
			defaultConfigurationName = Release;
		};
/* End XCConfigurationList section */
	};
	rootObject = EB851AF22DDF0AD5005DF93C /* Project object */;
}
